{
  "name": "lgclient",
  "lockfileVersion": 2,
  "requires": true,
  "packages": {
    "": {
      "dependencies": {
        "@wessberg/di": "^2.0.3"
      }
    },
    "node_modules/@wessberg/di": {
      "version": "2.0.3",
      "resolved": "https://registry.npmjs.org/@wessberg/di/-/di-2.0.3.tgz",
      "integrity": "sha512-2mpz/Cw67DCn6Hn3bd5tTfgo3VFLSTzfcffo4DaZobHnORqx4Yxts4XyQLXbZ+ordy5oRmcnoyclcbLnC0/zhA==",
      "dependencies": {
        "tslib": "^1.9.3"
      },
      "engines": {
        "node": ">=9.0.0"
      }
    },
    "node_modules/tslib": {
      "version": "1.14.1",
      "resolved": "https://registry.npmjs.org/tslib/-/tslib-1.14.1.tgz",
      "integrity": "sha512-Xni35NKzjgMrwevysHTCArtLDpPvye8zV/0E4EyYn43P7/7qvQwPh9BGkHewbMulVntbigmcT7rdX3BNo9wRJg=="
    }
  },
  "dependencies": {
    "@wessberg/di": {
      "version": "2.0.3",
      "resolved": "https://registry.npmjs.org/@wessberg/di/-/di-2.0.3.tgz",
      "integrity": "sha512-2mpz/Cw67DCn6Hn3bd5tTfgo3VFLSTzfcffo4DaZobHnORqx4Yxts4XyQLXbZ+ordy5oRmcnoyclcbLnC0/zhA==",
      "requires": {
        "tslib": "^1.9.3"
      }
    },
    "tslib": {
      "version": "1.14.1",
      "resolved": "https://registry.npmjs.org/tslib/-/tslib-1.14.1.tgz",
      "integrity": "sha512-Xni35NKzjgMrwevysHTCArtLDpPvye8zV/0E4EyYn43P7/7qvQwPh9BGkHewbMulVntbigmcT7rdX3BNo9wRJg=="
    }
  }
}
